// !$*UTF8*$!
{
	archiveVersion = 1;
	classes = {
	};
	objectVersion = 50;
	objects = {

/* Begin PBXBuildFile section */
		D703FBA92662B5020079FA31 /* WorldScramblerApp.swift in Sources */ = {isa = PBXBuildFile; fileRef = D703FBA82662B5020079FA31 /* WorldScramblerApp.swift */; };
		D703FBAB2662B5020079FA31 /* ContentView.swift in Sources */ = {isa = PBXBuildFile; fileRef = D703FBAA2662B5020079FA31 /* ContentView.swift */; };
		D703FBAD2662B5040079FA31 /* Assets.xcassets in Resources */ = {isa = PBXBuildFile; fileRef = D703FBAC2662B5040079FA31 /* Assets.xcassets */; };
		D703FBB02662B5040079FA31 /* Preview Assets.xcassets in Resources */ = {isa = PBXBuildFile; fileRef = D703FBAF2662B5040079FA31 /* Preview Assets.xcassets */; };
		D705458A266A8E8E0037A02C /* start.txt in Resources */ = {isa = PBXBuildFile; fileRef = D7054589266A8E8E0037A02C /* start.txt */; };
/* End PBXBuildFile section */

/* Begin PBXFileReference section */
		D703FBA52662B5020079FA31 /* WorldScrambler.app */ = {isa = PBXFileReference; explicitFileType = wrapper.application; includeInIndex = 0; path = WorldScrambler.app; sourceTree = BUILT_PRODUCTS_DIR; };
		D703FBA82662B5020079FA31 /* WorldScramblerApp.swift */ = {isa = PBXFileReference; lastKnownFileType = sourcecode.swift; path = WorldScramblerApp.swift; sourceTree = "<group>"; };
		D703FBAA2662B5020079FA31 /* ContentView.swift */ = {isa = PBXFileReference; lastKnownFileType = sourcecode.swift; path = ContentView.swift; sourceTree = "<group>"; };
		D703FBAC2662B5040079FA31 /* Assets.xcassets */ = {isa = PBXFileReference; lastKnownFileType = folder.assetcatalog; path = Assets.xcassets; sourceTree = "<group>"; };
		D703FBAF2662B5040079FA31 /* Preview Assets.xcassets */ = {isa = PBXFileReference; lastKnownFileType = folder.assetcatalog; path = "Preview Assets.xcassets"; sourceTree = "<group>"; };
		D703FBB12662B5040079FA31 /* Info.plist */ = {isa = PBXFileReference; lastKnownFileType = text.plist.xml; path = Info.plist; sourceTree = "<group>"; };
		D7054589266A8E8E0037A02C /* start.txt */ = {isa = PBXFileReference; fileEncoding = 4; lastKnownFileType = text; path = start.txt; sourceTree = "<group>"; };
/* End PBXFileReference section */

/* Begin PBXFrameworksBuildPhase section */
		D703FBA22662B5020079FA31 /* Frameworks */ = {
			isa = PBXFrameworksBuildPhase;
			buildActionMask = 2147483647;
			files = (
			);
			runOnlyForDeploymentPostprocessing = 0;
		};
/* End PBXFrameworksBuildPhase section */

/* Begin PBXGroup section */
		D703FB9C2662B5020079FA31 = {
			isa = PBXGroup;
			children = (
				D703FBA72662B5020079FA31 /* WorldScrambler */,
				D703FBA62662B5020079FA31 /* Products */,
			);
			sourceTree = "<group>";
		};
		D703FBA62662B5020079FA31 /* Products */ = {
			isa = PBXGroup;
			children = (
				D703FBA52662B5020079FA31 /* WorldScrambler.app */,
			);
			name = Products;
			sourceTree = "<group>";
		};
		D703FBA72662B5020079FA31 /* WorldScrambler */ = {
			isa = PBXGroup;
			children = (
				D703FBA82662B5020079FA31 /* WorldScramblerApp.swift */,
				D703FBAA2662B5020079FA31 /* ContentView.swift */,
				D703FBAC2662B5040079FA31 /* Assets.xcassets */,
				D703FBB12662B5040079FA31 /* Info.plist */,
				D7054589266A8E8E0037A02C /* start.txt */,
				D703FBAE2662B5040079FA31 /* Preview Content */,
			);
			path = WorldScrambler;
			sourceTree = "<group>";
		};
		D703FBAE2662B5040079FA31 /* Preview Content */ = {
			isa = PBXGroup;
			children = (
				D703FBAF2662B5040079FA31 /* Preview Assets.xcassets */,
			);
			path = "Preview Content";
			sourceTree = "<group>";
		};
/* End PBXGroup section */

/* Begin PBXNativeTarget section */
		D703FBA42662B5020079FA31 /* WorldScrambler */ = {
			isa = PBXNativeTarget;
			buildConfigurationList = D703FBB42662B5040079FA31 /* Build configuration list for PBXNativeTarget "WorldScrambler" */;
			buildPhases = (
				D703FBA12662B5020079FA31 /* Sources */,
				D703FBA22662B5020079FA31 /* Frameworks */,
				D703FBA32662B5020079FA31 /* Resources */,
			);
			buildRules = (
			);
			dependencies = (
			);
			name = WorldScrambler;
			productName = WorldScrambler;
			productReference = D703FBA52662B5020079FA31 /* WorldScrambler.app */;
			productType = "com.apple.product-type.application";
		};
/* End PBXNativeTarget section */

/* Begin PBXProject section */
		D703FB9D2662B5020079FA31 /* Project object */ = {
			isa = PBXProject;
			attributes = {
				LastSwiftUpdateCheck = 1250;
				LastUpgradeCheck = 1250;
				TargetAttributes = {
					D703FBA42662B5020079FA31 = {
						CreatedOnToolsVersion = 12.5;
					};
				};
			};
			buildConfigurationList = D703FBA02662B5020079FA31 /* Build configuration list for PBXProject "WorldScrambler" */;
			compatibilityVersion = "Xcode 9.3";
			developmentRegion = en;
			hasScannedForEncodings = 0;
			knownRegions = (
				en,
				Base,
			);
			mainGroup = D703FB9C2662B5020079FA31;
			productRefGroup = D703FBA62662B5020079FA31 /* Products */;
			projectDirPath = "";
			projectRoot = "";
			targets = (
				D703FBA42662B5020079FA31 /* WorldScrambler */,
			);
		};
/* End PBXProject section */

/* Begin PBXResourcesBuildPhase section */
		D703FBA32662B5020079FA31 /* Resources */ = {
			isa = PBXResourcesBuildPhase;
			buildActionMask = 2147483647;
			files = (
				D703FBB02662B5040079FA31 /* Preview Assets.xcassets in Resources */,
				D705458A266A8E8E0037A02C /* start.txt in Resources */,
				D703FBAD2662B5040079FA31 /* Assets.xcassets in Resources */,
			);
			runOnlyForDeploymentPostprocessing = 0;
		};
/* End PBXResourcesBuildPhase section */

/* Begin PBXSourcesBuildPhase section */
		D703FBA12662B5020079FA31 /* Sources */ = {
			isa = PBXSourcesBuildPhase;
			buildActionMask = 2147483647;
			files = (
				D703FBAB2662B5020079FA31 /* ContentView.swift in Sources */,
				D703FBA92662B5020079FA31 /* WorldScramblerApp.swift in Sources */,
			);
			runOnlyForDeploymentPostprocessing = 0;
		};
/* End PBXSourcesBuildPhase section */

/* Begin XCBuildConfiguration section */
		D703FBB22662B5040079FA31 /* Debug */ = {
			isa = XCBuildConfiguration;
			buildSettings = {
				ALWAYS_SEARCH_USER_PATHS = NO;
				CLANG_ANALYZER_NONNULL = YES;
				CLANG_ANALYZER_NUMBER_OBJECT_CONVERSION = YES_AGGRESSIVE;
				CLANG_CXX_LANGUAGE_STANDARD = "gnu++14";
				CLANG_CXX_LIBRARY = "libc++";
				CLANG_ENABLE_MODULES = YES;
				CLANG_ENABLE_OBJC_ARC = YES;
				CLANG_ENABLE_OBJC_WEAK = YES;
				CLANG_WARN_BLOCK_CAPTURE_AUTORELEASING = YES;
				CLANG_WARN_BOOL_CONVERSION = YES;
				CLANG_WARN_COMMA = YES;
				CLANG_WARN_CONSTANT_CONVERSION = YES;
				CLANG_WARN_DEPRECATED_OBJC_IMPLEMENTATIONS = YES;
				CLANG_WARN_DIRECT_OBJC_ISA_USAGE = YES_ERROR;
				CLANG_WARN_DOCUMENTATION_COMMENTS = YES;
				CLANG_WARN_EMPTY_BODY = YES;
				CLANG_WARN_ENUM_CONVERSION = YES;
				CLANG_WARN_INFINITE_RECURSION = YES;
				CLANG_WARN_INT_CONVERSION = YES;
				CLANG_WARN_NON_LITERAL_NULL_CONVERSION = YES;
				CLANG_WARN_OBJC_IMPLICIT_RETAIN_SELF = YES;
				CLANG_WARN_OBJC_LITERAL_CONVERSION = YES;
				CLANG_WARN_OBJC_ROOT_CLASS = YES_ERROR;
				CLANG_WARN_QUOTED_INCLUDE_IN_FRAMEWORK_HEADER = YES;
				CLANG_WARN_RANGE_LOOP_ANALYSIS = YES;
				CLANG_WARN_STRICT_PROTOTYPES = YES;
				CLANG_WARN_SUSPICIOUS_MOVE = YES;
				CLANG_WARN_UNGUARDED_AVAILABILITY = YES_AGGRESSIVE;
				CLANG_WARN_UNREACHABLE_CODE = YES;
				CLANG_WARN__DUPLICATE_METHOD_MATCH = YES;
				COPY_PHASE_STRIP = NO;
				DEBUG_INFORMATION_FORMAT = dwarf;
				ENABLE_STRICT_OBJC_MSGSEND = YES;
				ENABLE_TESTABILITY = YES;
				GCC_C_LANGUAGE_STANDARD = gnu11;
				GCC_DYNAMIC_NO_PIC = NO;
				GCC_NO_COMMON_BLOCKS = YES;
				GCC_OPTIMIZATION_LEVEL = 0;
				GCC_PREPROCESSOR_DEFINITIONS = (
					"DEBUG=1",
					"$(inherited)",
				);
				GCC_WARN_64_TO_32_BIT_CONVERSION = YES;
				GCC_WARN_ABOUT_RETURN_TYPE = YES_ERROR;
				GCC_WARN_UNDECLARED_SELECTOR = YES;
				GCC_WARN_UNINITIALIZED_AUTOS = YES_AGGRESSIVE;
				GCC_WARN_UNUSED_FUNCTION = YES;
				GCC_WARN_UNUSED_VARIABLE = YES;
				IPHONEOS_DEPLOYMENT_TARGET = 14.5;
				MTL_ENABLE_DEBUG_INFO = INCLUDE_SOURCE;
				MTL_FAST_MATH = YES;
				ONLY_ACTIVE_ARCH = YES;
				SDKROOT = iphoneos;
				SWIFT_ACTIVE_COMPILATION_CONDITIONS = DEBUG;
				SWIFT_OPTIMIZATION_LEVEL = "-Onone";
			};
			name = Debug;
		};
		D703FBB32662B5040079FA31 /* Release */ = {
			isa = XCBuildConfiguration;
			buildSettings = {
				ALWAYS_SEARCH_USER_PATHS = NO;
				CLANG_ANALYZER_NONNULL = YES;
				CLANG_ANALYZER_NUMBER_OBJECT_CONVERSION = YES_AGGRESSIVE;
				CLANG_CXX_LANGUAGE_STANDARD = "gnu++14";
				CLANG_CXX_LIBRARY = "libc++";
				CLANG_ENABLE_MODULES = YES;
				CLANG_ENABLE_OBJC_ARC = YES;
				CLANG_ENABLE_OBJC_WEAK = YES;
				CLANG_WARN_BLOCK_CAPTURE_AUTORELEASING = YES;
				CLANG_WARN_BOOL_CONVERSION = YES;
				CLANG_WARN_COMMA = YES;
				CLANG_WARN_CONSTANT_CONVERSION = YES;
				CLANG_WARN_DEPRECATED_OBJC_IMPLEMENTATIONS = YES;
				CLANG_WARN_DIRECT_OBJC_ISA_USAGE = YES_ERROR;
				CLANG_WARN_DOCUMENTATION_COMMENTS = YES;
				CLANG_WARN_EMPTY_BODY = YES;
				CLANG_WARN_ENUM_CONVERSION = YES;
				CLANG_WARN_INFINITE_RECURSION = YES;
				CLANG_WARN_INT_CONVERSION = YES;
				CLANG_WARN_NON_LITERAL_NULL_CONVERSION = YES;
				CLANG_WARN_OBJC_IMPLICIT_RETAIN_SELF = YES;
				CLANG_WARN_OBJC_LITERAL_CONVERSION = YES;
				CLANG_WARN_OBJC_ROOT_CLASS = YES_ERROR;
				CLANG_WARN_QUOTED_INCLUDE_IN_FRAMEWORK_HEADER = YES;
				CLANG_WARN_RANGE_LOOP_ANALYSIS = YES;
				CLANG_WARN_STRICT_PROTOTYPES = YES;
				CLANG_WARN_SUSPICIOUS_MOVE = YES;
				CLANG_WARN_UNGUARDED_AVAILABILITY = YES_AGGRESSIVE;
				CLANG_WARN_UNREACHABLE_CODE = YES;
				CLANG_WARN__DUPLICATE_METHOD_MATCH = YES;
				COPY_PHASE_STRIP = NO;
				DEBUG_INFORMATION_FORMAT = "dwarf-with-dsym";
				ENABLE_NS_ASSERTIONS = NO;
				ENABLE_STRICT_OBJC_MSGSEND = YES;
				GCC_C_LANGUAGE_STANDARD = gnu11;
				GCC_NO_COMMON_BLOCKS = YES;
				GCC_WARN_64_TO_32_BIT_CONVERSION = YES;
				GCC_WARN_ABOUT_RETURN_TYPE = YES_ERROR;
				GCC_WARN_UNDECLARED_SELECTOR = YES;
				GCC_WARN_UNINITIALIZED_AUTOS = YES_AGGRESSIVE;
				GCC_WARN_UNUSED_FUNCTION = YES;
				GCC_WARN_UNUSED_VARIABLE = YES;
				IPHONEOS_DEPLOYMENT_TARGET = 14.5;
				MTL_ENABLE_DEBUG_INFO = NO;
				MTL_FAST_MATH = YES;
				SDKROOT = iphoneos;
				SWIFT_COMPILATION_MODE = wholemodule;
				SWIFT_OPTIMIZATION_LEVEL = "-O";
				VALIDATE_PRODUCT = YES;
			};
			name = Release;
		};
		D703FBB52662B5040079FA31 /* Debug */ = {
			isa = XCBuildConfiguration;
			buildSettings = {
				ASSETCATALOG_COMPILER_APPICON_NAME = AppIcon;
				ASSETCATALOG_COMPILER_GLOBAL_ACCENT_COLOR_NAME = AccentColor;
				CODE_SIGN_STYLE = Automatic;
				DEVELOPMENT_ASSET_PATHS = "\"WorldScrambler/Preview Content\"";
				DEVELOPMENT_TEAM = PPZHL7K52V;
				ENABLE_PREVIEWS = YES;
				INFOPLIST_FILE = WorldScrambler/Info.plist;
				IPHONEOS_DEPLOYMENT_TARGET = 14.0;
				LD_RUNPATH_SEARCH_PATHS = (
					"$(inherited)",
					"@executable_path/Frameworks",
				);
				PRODUCT_BUNDLE_IDENTIFIER = com.angelocammaroto.WorldScrambler;
				PRODUCT_NAME = "$(TARGET_NAME)";
				SWIFT_VERSION = 5.0;
				TARGETED_DEVICE_FAMILY = "1,2";
			};
			name = Debug;
		};
		D703FBB62662B5040079FA31 /* Release */ = {
			isa = XCBuildConfiguration;
			buildSettings = {
				ASSETCATALOG_COMPILER_APPICON_NAME = AppIcon;
				ASSETCATALOG_COMPILER_GLOBAL_ACCENT_COLOR_NAME = AccentColor;
				CODE_SIGN_STYLE = Automatic;
				DEVELOPMENT_ASSET_PATHS = "\"WorldScrambler/Preview Content\"";
				DEVELOPMENT_TEAM = PPZHL7K52V;
				ENABLE_PREVIEWS = YES;
				INFOPLIST_FILE = WorldScrambler/Info.plist;
				IPHONEOS_DEPLOYMENT_TARGET = 14.0;
				LD_RUNPATH_SEARCH_PATHS = (
					"$(inherited)",
					"@executable_path/Frameworks",
				);
				PRODUCT_BUNDLE_IDENTIFIER = com.angelocammaroto.WorldScrambler;
				PRODUCT_NAME = "$(TARGET_NAME)";
				SWIFT_VERSION = 5.0;
				TARGETED_DEVICE_FAMILY = "1,2";
			};
			name = Release;
		};
/* End XCBuildConfiguration section */

/* Begin XCConfigurationList section */
		D703FBA02662B5020079FA31 /* Build configuration list for PBXProject "WorldScrambler" */ = {
			isa = XCConfigurationList;
			buildConfigurations = (
				D703FBB22662B5040079FA31 /* Debug */,
				D703FBB32662B5040079FA31 /* Release */,
			);
			defaultConfigurationIsVisible = 0;
			defaultConfigurationName = Release;
		};
		D703FBB42662B5040079FA31 /* Build configuration list for PBXNativeTarget "WorldScrambler" */ = {
			isa = XCConfigurationList;
			buildConfigurations = (
				D703FBB52662B5040079FA31 /* Debug */,
				D703FBB62662B5040079FA31 /* Release */,
			);
			defaultConfigurationIsVisible = 0;
			defaultConfigurationName = Release;
		};
/* End XCConfigurationList section */
	};
	rootObject = D703FB9D2662B5020079FA31 /* Project object */;
}
